schema: '2.0'
stages:
  etl:
    cmd: python src/etl.py
    deps:
    - path: dataset/
      hash: md5
      md5: c5d10561ed5f11d213c4aafb146ea3d7.dir
      size: 149985
      nfiles: 1
    - path: src/etl.py
      hash: md5
      md5: f1e0dc04183f83ef87a4fbc7c7ed9658
      size: 1011
    outs:
    - path: data/processed/labels.parquet
      hash: md5
      md5: 8a4d8eda5f63dc838d439792e27504d5
      size: 8306
    - path: data/processed/student_features.parquet
      hash: md5
      md5: 9ea949a79ca1c0e74d67f8765b47cbf7
      size: 39133
  feast_setup:
    cmd: python src/feast_setup.py
    deps:
    - path: src/feast_setup.py
      hash: md5
      md5: 5e8b2441ae8c6d77b80a97a2dc351208
      size: 1926
    outs:
    - path: features/data/registry.db
      hash: md5
      md5: dbc82c163207f2ef1e5de54bb0cb7e03
      size: 880
  feast_materialize:
    cmd: python src/materialize.py
    deps:
    - path: data/processed/student_features.parquet
      hash: md5
      md5: 9ea949a79ca1c0e74d67f8765b47cbf7
      size: 39133
    - path: src/materialize.py
      hash: md5
      md5: 85d86b6038b24f26ab1a04d67de8e29a
      size: 911
    outs:
    - path: data/feast_materialized.marker
      hash: md5
      md5: 68fe63818e69101020b03ef6a5498aa2
      size: 32
  drift:
    cmd: python src/drift.py
    deps:
    - path: data/processed/student_features.parquet
      hash: md5
      md5: ad6db86ad6f6db3cf0335fd3ba278591
      size: 39153
    - path: src/drift.py
      hash: md5
      md5: 44629519096393e933fa23abf60be9c9
      size: 4803
    outs:
    - path: metrics/drift.json
      hash: md5
      md5: 446b9f643e98b18c33c1b5cf616335e1
      size: 541
