schema: '2.0'
stages:
  etl:
    cmd: python src/etl.py
    deps:
    - path: dataset/
      hash: md5
      md5: c5d10561ed5f11d213c4aafb146ea3d7.dir
      size: 149985
      nfiles: 1
    - path: src/etl.py
      hash: md5
      md5: f1e0dc04183f83ef87a4fbc7c7ed9658
      size: 1011
    outs:
    - path: data/processed/labels.parquet
      hash: md5
      md5: 975b0c5ca928b03928d15e2d9d15aad9
      size: 8306
    - path: data/processed/student_features.parquet
      hash: md5
      md5: d28f5d75893e784b0d24bd46b36ad660
      size: 39133
  feast_materialize:
    cmd: python src/materialize.py
    deps:
    - path: data/processed/student_features.parquet
      hash: md5
      md5: d28f5d75893e784b0d24bd46b36ad660
      size: 39133
    - path: src/materialize.py
      hash: md5
      md5: 85d86b6038b24f26ab1a04d67de8e29a
      size: 911
    outs:
    - path: data/feast_materialized.marker
      hash: md5
      md5: 25d65f9fdd8951b36df2671d9abe4745
      size: 32
  drift:
    cmd: python src/drift.py
    deps:
    - path: data/processed/student_features.parquet
      hash: md5
      md5: 491b8acb4dbd53d6e67bb26179ffe98a
      size: 39133
    - path: src/drift.py
      hash: md5
      md5: 3b1b736a7a143123a05a13fb7a3887db
      size: 4071
    outs:
    - path: metrics/drift.json
      hash: md5
      md5: 446b9f643e98b18c33c1b5cf616335e1
      size: 541
  feast_setup:
    cmd: python src/feast_setup.py
    deps:
    - path: src/feast_setup.py
      hash: md5
      md5: 5e8b2441ae8c6d77b80a97a2dc351208
      size: 1926
    outs:
    - path: features/data/registry.db
      hash: md5
      md5: fdb09ff3a037d5304f60aa88cf5501fc
      size: 880
