schema: '2.0'
stages:
  etl:
    cmd: python src/etl.py
    deps:
    - path: src/etl.py
      hash: md5
      md5: 6cd4187c4af9950b80824539518e718a
      size: 1000
    outs:
    - path: data/processed/labels.parquet
      hash: md5
      md5: 66ac2aa77ad6426173a4945f7f35f920
      size: 8249
    - path: data/processed/student_features.parquet
      hash: md5
      md5: 56f377c7c269237a4d7c002f9725719e
      size: 39058
